{
  "requires": true,
  "lockfileVersion": 1,
  "dependencies": {
    "types-registry": {
      "version": "0.1.483",
      "resolved": "https://registry.npmjs.org/types-registry/-/types-registry-0.1.483.tgz",
      "integrity": "sha512-E1oj9TbwtE1s9jz65PMj6av7KBZZG1oqbjUGt+YPjha5mpmHUfbXtUwi5RjTkTflsDS8RR6iPQNmLbF+9TqdCA=="
    }
  }
}
