{
  "requires": true,
  "lockfileVersion": 1,
  "dependencies": {
    "types-registry": {
      "version": "0.1.482",
      "resolved": "https://registry.npmjs.org/types-registry/-/types-registry-0.1.482.tgz",
      "integrity": "sha512-fUgpkDDIaTUn5J6gIP4ulv/lYB9v3gyEPedDmq11JfFI5CE0NZROOBhyinSWOX9FG1ch/mE4N0KEwhbCCLv6jg=="
    }
  }
}
